
Microsoft Visual Studio Solution File, Format Version 12.00
# Visual Studio Version 17
VisualStudioVersion = 17.0.32014.148
MinimumVisualStudioVersion = 10.0.40219.1
Project("{FAE04EC0-301F-11D3-BF4B-00C04F79EFBC}") = "MvcMovies", "MvcMovies\MvcMovies.csproj", "{9595DDD9-BF0F-4728-A693-C61B9FE181A7}"
EndProject
Global
	GlobalSection(SolutionConfigurationPlatforms) = preSolution
		Debug|Any CPU = Debug|Any CPU
		Release|Any CPU = Release|Any CPU
	EndGlobalSection
	GlobalSection(ProjectConfigurationPlatforms) = postSolution
		{9595DDD9-BF0F-4728-A693-C61B9FE181A7}.Debug|Any CPU.ActiveCfg = Debug|Any CPU
		{9595DDD9-BF0F-4728-A693-C61B9FE181A7}.Debug|Any CPU.Build.0 = Debug|Any CPU
		{9595DDD9-BF0F-4728-A693-C61B9FE181A7}.Release|Any CPU.ActiveCfg = Release|Any CPU
		{9595DDD9-BF0F-4728-A693-C61B9FE181A7}.Release|Any CPU.Build.0 = Release|Any CPU
	EndGlobalSection
	GlobalSection(SolutionProperties) = preSolution
		HideSolutionNode = FALSE
	EndGlobalSection
	GlobalSection(ExtensibilityGlobals) = postSolution
		SolutionGuid = {87F80F48-A57D-4360-9545-0D0208FA7C35}
	EndGlobalSection
EndGlobal
